
Microsoft Visual Studio Solution File, Format Version 12.00
# Visual Studio Version 17
VisualStudioVersion = 17.1.32328.378
MinimumVisualStudioVersion = 10.0.40219.1
Project("{9A19103F-16F7-4668-BE54-9A1E7A4F7556}") = "Program", "Program\Program.csproj", "{7837A894-F004-41E0-B377-9226043D435F}"
EndProject
Project("{9A19103F-16F7-4668-BE54-9A1E7A4F7556}") = "ScrapeLogic", "ScrapeLogic\ScrapeLogic.csproj", "{0644E159-D336-4AD8-AA4B-9F42E75EDF13}"
EndProject
Project("{FAE04EC0-301F-11D3-BF4B-00C04F79EFBC}") = "ScraperWebApp", "ScraperWebApp\ScraperWebApp.csproj", "{2991E47F-DF03-4334-A154-4C3F9AE17F5E}"
EndProject
Global
	GlobalSection(SolutionConfigurationPlatforms) = preSolution
		Debug|Any CPU = Debug|Any CPU
		Release|Any CPU = Release|Any CPU
	EndGlobalSection
	GlobalSection(ProjectConfigurationPlatforms) = postSolution
		{7837A894-F004-41E0-B377-9226043D435F}.Debug|Any CPU.ActiveCfg = Debug|Any CPU
		{7837A894-F004-41E0-B377-9226043D435F}.Debug|Any CPU.Build.0 = Debug|Any CPU
		{7837A894-F004-41E0-B377-9226043D435F}.Release|Any CPU.ActiveCfg = Release|Any CPU
		{7837A894-F004-41E0-B377-9226043D435F}.Release|Any CPU.Build.0 = Release|Any CPU
		{0644E159-D336-4AD8-AA4B-9F42E75EDF13}.Debug|Any CPU.ActiveCfg = Debug|Any CPU
		{0644E159-D336-4AD8-AA4B-9F42E75EDF13}.Debug|Any CPU.Build.0 = Debug|Any CPU
		{0644E159-D336-4AD8-AA4B-9F42E75EDF13}.Release|Any CPU.ActiveCfg = Release|Any CPU
		{0644E159-D336-4AD8-AA4B-9F42E75EDF13}.Release|Any CPU.Build.0 = Release|Any CPU
		{2991E47F-DF03-4334-A154-4C3F9AE17F5E}.Debug|Any CPU.ActiveCfg = Debug|Any CPU
		{2991E47F-DF03-4334-A154-4C3F9AE17F5E}.Debug|Any CPU.Build.0 = Debug|Any CPU
		{2991E47F-DF03-4334-A154-4C3F9AE17F5E}.Release|Any CPU.ActiveCfg = Release|Any CPU
		{2991E47F-DF03-4334-A154-4C3F9AE17F5E}.Release|Any CPU.Build.0 = Release|Any CPU
	EndGlobalSection
	GlobalSection(SolutionProperties) = preSolution
		HideSolutionNode = FALSE
	EndGlobalSection
	GlobalSection(ExtensibilityGlobals) = postSolution
		SolutionGuid = {09A4C506-4CF6-456F-8AB0-C3022C90E75A}
	EndGlobalSection
EndGlobal
